hash: 52c0d9085bf858c0c4720d0dde6492f6cfc609bb6e42fa72a6fa59eb7a8e0146
updated: 2016-09-23T10:13:55.229822854-07:00
imports:
- name: github.com/aokoli/goutils
  version: 9c37978a95bd5c709a15883b6242714ea6709e64
- name: github.com/Masterminds/sprig
  version: 2493695b1e81bd6ef2ac18d2591fcf46725e5a50
- name: k8s.io/client-go
  version: 0b62e254fe853d89b1d8d3445bbdab11bcc11bc3
  subpackages:
  - "1.4"
- name: speter.net/go/exp/math/dec/inf
  version: 46a40649338836f5d25521ce343379da79ef2184
  repo: https://github.com/belua/inf
  vcs: git
testImports: []
